# THIS IS AN AUTOGENERATED FILE. DO NOT EDIT THIS FILE DIRECTLY.
# yarn lockfile v1


"@next/env@13.0.7-canary.3":
  version "13.0.7-canary.3"
  resolved "https://registry.yarnpkg.com/@next/env/-/env-13.0.7-canary.3.tgz#81831adbcbc643f8abf4329338a70b324646dfbe"
  integrity sha512-QKay7Uyn2zXQaHsD+4Ei7JDXHfab8aOz7wH1YuZFzZcPpX7oVBuCzB/MwQAvQs+S5HF+/MbkSoEnyMeY2+d+sw==

"@next/swc-android-arm-eabi@13.0.7-canary.3":
  version "13.0.7-canary.3"
  resolved "https://registry.yarnpkg.com/@next/swc-android-arm-eabi/-/swc-android-arm-eabi-13.0.7-canary.3.tgz#288aa1effd95a7d97c2e37a2c5e34530ce03145f"
  integrity sha512-YRW/4+FF1wqvIJkMUCCOMG8ppAa/Ny2+mAieXOVJc0ZL7UVRhs1rBKEeqjo19DKPo+m3VOYq9I9ZYVjr87Hf0w==

"@next/swc-android-arm64@13.0.7-canary.3":
  version "13.0.7-canary.3"
  resolved "https://registry.yarnpkg.com/@next/swc-android-arm64/-/swc-android-arm64-13.0.7-canary.3.tgz#93ed1d41277d3da4b862d212ea0e4270d453d26d"
  integrity sha512-+KredO5wtmh1i4u9P4e7h1FU05pYg9VS/INKbMB/F+IS63m60oh/2cVOFYWf0Rdk9m9/ThocedGHbQ6bGDI8OA==

"@next/swc-darwin-arm64@13.0.7-canary.3":
  version "13.0.7-canary.3"
  resolved "https://registry.yarnpkg.com/@next/swc-darwin-arm64/-/swc-darwin-arm64-13.0.7-canary.3.tgz#528d61944f62c2d6db5ee1d827ab637e59f6d5b8"
  integrity sha512-19g7Jjg3NuWb+xfeaeDpcNP3TIn5mGTdm1AXR3dmrGHaIG8ISc2tOFbwbZssVJT9jdhcDcxzsc1YH1egqVKE3Q==

"@next/swc-darwin-x64@13.0.7-canary.3":
  version "13.0.7-canary.3"
  resolved "https://registry.yarnpkg.com/@next/swc-darwin-x64/-/swc-darwin-x64-13.0.7-canary.3.tgz#6f30f55c55a1c72c763567b3185c5a1af2648282"
  integrity sha512-McI+g4Is2dg0DzodPch8p0IxBNFDYbM0LzGBAHnsXeYD9qWWhdaaJjVqgbhoRW1XcqieJSfIw4VngieCX+NPaw==

"@next/swc-freebsd-x64@13.0.7-canary.3":
  version "13.0.7-canary.3"
  resolved "https://registry.yarnpkg.com/@next/swc-freebsd-x64/-/swc-freebsd-x64-13.0.7-canary.3.tgz#0c5e2a18c2cfca6ddeb7da9c9ac13f51d5eadf76"
  integrity sha512-6ymy2hGf9AXCRhyz9ijmwr/cmTZOunt4x13GIqHu8RQ4v13LAEoxrRGmu45UtPDv3iiB76r5WNZJtktvafqRyQ==

"@next/swc-linux-arm-gnueabihf@13.0.7-canary.3":
  version "13.0.7-canary.3"
  resolved "https://registry.yarnpkg.com/@next/swc-linux-arm-gnueabihf/-/swc-linux-arm-gnueabihf-13.0.7-canary.3.tgz#cc11e6e7c629b590cb28d0fcd2199ba8797c8655"
  integrity sha512-nCa0ULuRQIoLOe3FikdaHI/SFunqg1WjkQp5o7HT1Tycn9WW7OPecF0Gb+OdVGiSxSDN5W1cpfL6E865Fl/V9Q==

"@next/swc-linux-arm64-gnu@13.0.7-canary.3":
  version "13.0.7-canary.3"
  resolved "https://registry.yarnpkg.com/@next/swc-linux-arm64-gnu/-/swc-linux-arm64-gnu-13.0.7-canary.3.tgz#308e3fccd50c02a3117dbc4b1fa46c2442b34d5a"
  integrity sha512-uGGFN1AH3DdOwyA8TGXYnY0x2mLTJWuqitV0YWLuyqrsAeap7HMSgxdHMWVzw36Trmyq3N/bd8NRpntuiII8uA==

"@next/swc-linux-arm64-musl@13.0.7-canary.3":
  version "13.0.7-canary.3"
  resolved "https://registry.yarnpkg.com/@next/swc-linux-arm64-musl/-/swc-linux-arm64-musl-13.0.7-canary.3.tgz#b4522a8a4fdd6322216777b05f1ce0ea1b3dda62"
  integrity sha512-7VEcGbSgs1aOgmq0W3QNJtyBUIRMG9HmfBJ6npgdSEv+TpmMj2rEl/ka9O/FAhuga1rD6zOzkWyvR2jawaaX7g==

"@next/swc-linux-x64-gnu@13.0.7-canary.3":
  version "13.0.7-canary.3"
  resolved "https://registry.yarnpkg.com/@next/swc-linux-x64-gnu/-/swc-linux-x64-gnu-13.0.7-canary.3.tgz#49576b4814d089b9f0450a69413d17d4e4bbfb08"
  integrity sha512-xJzVV9N766n/BxUdWhl7tMrqJ27QUx6CRHORdtd3G74AgV8zxGwySJ1IRoEDwl6JZnYRR5YteGYwzOPQ6if5hg==

"@next/swc-linux-x64-musl@13.0.7-canary.3":
  version "13.0.7-canary.3"
  resolved "https://registry.yarnpkg.com/@next/swc-linux-x64-musl/-/swc-linux-x64-musl-13.0.7-canary.3.tgz#b20b92f8bc34047242bdc4fa313ab46cb3711e65"
  integrity sha512-ZrulhTU9PWfFG9CGH0CVTRnJFZqecsLrmSA+UtUIv02ydSaM/l2nIabODkiMveh+b9nzPoVnIOsv9ueNfqdMZg==

"@next/swc-win32-arm64-msvc@13.0.7-canary.3":
  version "13.0.7-canary.3"
  resolved "https://registry.yarnpkg.com/@next/swc-win32-arm64-msvc/-/swc-win32-arm64-msvc-13.0.7-canary.3.tgz#b39ce72606ef2016732a0eb4458f90c41f0ad72e"
  integrity sha512-bydxeOorR2xTRa+RvhvUfDC1qVMswLggbEyBnYQMXZXrJXQnHkWFwrsWeXKZicQt15GMmgG6icIgZ3y3ygM22A==

"@next/swc-win32-ia32-msvc@13.0.7-canary.3":
  version "13.0.7-canary.3"
  resolved "https://registry.yarnpkg.com/@next/swc-win32-ia32-msvc/-/swc-win32-ia32-msvc-13.0.7-canary.3.tgz#dfedd5c55e95e2a134a29b5858159d9500783159"
  integrity sha512-nWPQm6fiirVzKdQTFnD6tFDHahxA8rKgE0PkK4PCcMVIsTrSTrENuK/4L5KhB5poStJ/kSHCk1kbwB5o3p0BYg==

"@next/swc-win32-x64-msvc@13.0.7-canary.3":
  version "13.0.7-canary.3"
  resolved "https://registry.yarnpkg.com/@next/swc-win32-x64-msvc/-/swc-win32-x64-msvc-13.0.7-canary.3.tgz#ffec4727046a6e791d1356a85ee4706ba7117c51"
  integrity sha512-AaF5aNLftEZdy2LH2/vxb8qPAX2PTUzAPs7Wc+xroCyXzqJksoHnuqczzMZMyMk0CGOkw9nLSKfssfsYD9TFCA==

"@swc/helpers@0.4.14":
  version "0.4.14"
  resolved "https://registry.yarnpkg.com/@swc/helpers/-/helpers-0.4.14.tgz#1352ac6d95e3617ccb7c1498ff019654f1e12a74"
  integrity sha512-4C7nX/dvpzB7za4Ql9K81xK3HPxCpHMgwTZVyf+9JQ6VUbn9jjZVN7/Nkdz/Ugzs2CSjqnL/UPXroiVBVHUWUw==
  dependencies:
    tslib "^2.4.0"

"@types/node@^18.0.0":
  version "18.11.11"
  resolved "https://registry.yarnpkg.com/@types/node/-/node-18.11.11.tgz#1d455ac0211549a8409d3cdb371cd55cc971e8dc"
  integrity sha512-KJ021B1nlQUBLopzZmPBVuGU9un7WJd/W4ya7Ih02B4Uwky5Nja0yGYav2EfYIk0RR2Q9oVhf60S2XR1BCWJ2g==

"@types/prop-types@*":
  version "15.7.5"
  resolved "https://registry.yarnpkg.com/@types/prop-types/-/prop-types-15.7.5.tgz#5f19d2b85a98e9558036f6a3cacc8819420f05cf"
  integrity sha512-JCB8C6SnDoQf0cNycqd/35A7MjcnK+ZTqE7judS6o7utxUCg6imJg3QK2qzHKszlTjcj2cn+NwMB2i96ubpj7w==

"@types/react@^18.0.14":
  version "18.0.26"
  resolved "https://registry.yarnpkg.com/@types/react/-/react-18.0.26.tgz#8ad59fc01fef8eaf5c74f4ea392621749f0b7917"
  integrity sha512-hCR3PJQsAIXyxhTNSiDFY//LhnMZWpNNr5etoCqx/iUfGc5gXWtQR2Phl908jVR6uPXacojQWTg4qRpkxTuGug==
  dependencies:
    "@types/prop-types" "*"
    "@types/scheduler" "*"
    csstype "^3.0.2"

"@types/scheduler@*":
  version "0.16.2"
  resolved "https://registry.yarnpkg.com/@types/scheduler/-/scheduler-0.16.2.tgz#1a62f89525723dde24ba1b01b092bf5df8ad4d39"
  integrity sha512-hppQEBDmlwhFAXKJX2KnWLYu5yMfi91yazPb2l+lbJiwW+wdo1gNeRA+3RgNSO39WYX2euey41KEwnqesU2Jew==

caniuse-lite@^1.0.30001406:
  version "1.0.30001436"
  resolved "https://registry.yarnpkg.com/caniuse-lite/-/caniuse-lite-1.0.30001436.tgz#22d7cbdbbbb60cdc4ca1030ccd6dea9f5de4848b"
  integrity sha512-ZmWkKsnC2ifEPoWUvSAIGyOYwT+keAaaWPHiQ9DfMqS1t6tfuyFYoWR78TeZtznkEQ64+vGXH9cZrElwR2Mrxg==

client-only@0.0.1:
  version "0.0.1"
  resolved "https://registry.yarnpkg.com/client-only/-/client-only-0.0.1.tgz#38bba5d403c41ab150bff64a95c85013cf73bca1"
  integrity sha512-IV3Ou0jSMzZrd3pZ48nLkT9DA7Ag1pnPzaiQhpW7c3RbcqqzvzzVu+L8gfqMp/8IM2MQtSiqaCxrrcfu8I8rMA==

csstype@^3.0.2:
  version "3.1.1"
  resolved "https://registry.yarnpkg.com/csstype/-/csstype-3.1.1.tgz#841b532c45c758ee546a11d5bd7b7b473c8c30b9"
  integrity sha512-DJR/VvkAvSZW9bTouZue2sSxDwdTN92uHjqeKVm+0dAqdfNykRzQ95tay8aXMBAAPpUiq4Qcug2L7neoRh2Egw==

"js-tokens@^3.0.0 || ^4.0.0":
  version "4.0.0"
  resolved "https://registry.yarnpkg.com/js-tokens/-/js-tokens-4.0.0.tgz#19203fb59991df98e3a287050d4647cdeaf32499"
  integrity sha512-RdJUflcE3cUzKiMqQgsCu06FPu9UdIJO0beYbPhHN4k6apgJtifcoCtT9bcxOpYBtpD2kCM6Sbzg4CausW/PKQ==

loose-envify@^1.1.0:
  version "1.4.0"
  resolved "https://registry.yarnpkg.com/loose-envify/-/loose-envify-1.4.0.tgz#71ee51fa7be4caec1a63839f7e682d8132d30caf"
  integrity sha512-lyuxPGr/Wfhrlem2CL/UcnUc1zcqKAImBDzukY7Y5F/yQiNdko6+fRLevlw1HgMySw7f611UIY408EtxRSoK3Q==
  dependencies:
    js-tokens "^3.0.0 || ^4.0.0"

nanoid@^3.3.4:
  version "3.3.4"
  resolved "https://registry.yarnpkg.com/nanoid/-/nanoid-3.3.4.tgz#730b67e3cd09e2deacf03c027c81c9d9dbc5e8ab"
  integrity sha512-MqBkQh/OHTS2egovRtLk45wEyNXwF+cokD+1YPf9u5VfJiRdAiRwB2froX5Co9Rh20xs4siNPm8naNotSD6RBw==

next@canary:
  version "13.0.7-canary.3"
  resolved "https://registry.yarnpkg.com/next/-/next-13.0.7-canary.3.tgz#8b5a8bc710713199f0476142e70becb3a6a8bf35"
  integrity sha512-TP4EO53jtaWoX7Sk/EqlsRBHWVteOYP0A4GmfUpLqgNJvajqhMUg2yuf7OYgiqXne768j7wiBWBl9gbrcvLyyQ==
  dependencies:
    "@next/env" "13.0.7-canary.3"
    "@swc/helpers" "0.4.14"
    caniuse-lite "^1.0.30001406"
    postcss "8.4.14"
    styled-jsx "5.1.0"
  optionalDependencies:
    "@next/swc-android-arm-eabi" "13.0.7-canary.3"
    "@next/swc-android-arm64" "13.0.7-canary.3"
    "@next/swc-darwin-arm64" "13.0.7-canary.3"
    "@next/swc-darwin-x64" "13.0.7-canary.3"
    "@next/swc-freebsd-x64" "13.0.7-canary.3"
    "@next/swc-linux-arm-gnueabihf" "13.0.7-canary.3"
    "@next/swc-linux-arm64-gnu" "13.0.7-canary.3"
    "@next/swc-linux-arm64-musl" "13.0.7-canary.3"
    "@next/swc-linux-x64-gnu" "13.0.7-canary.3"
    "@next/swc-linux-x64-musl" "13.0.7-canary.3"
    "@next/swc-win32-arm64-msvc" "13.0.7-canary.3"
    "@next/swc-win32-ia32-msvc" "13.0.7-canary.3"
    "@next/swc-win32-x64-msvc" "13.0.7-canary.3"

picocolors@^1.0.0:
  version "1.0.0"
  resolved "https://registry.yarnpkg.com/picocolors/-/picocolors-1.0.0.tgz#cb5bdc74ff3f51892236eaf79d68bc44564ab81c"
  integrity sha512-1fygroTLlHu66zi26VoTDv8yRgm0Fccecssto+MhsZ0D/DGW2sm8E8AjW7NU5VVTRt5GxbeZ5qBuJr+HyLYkjQ==

postcss@8.4.14:
  version "8.4.14"
  resolved "https://registry.yarnpkg.com/postcss/-/postcss-8.4.14.tgz#ee9274d5622b4858c1007a74d76e42e56fd21caf"
  integrity sha512-E398TUmfAYFPBSdzgeieK2Y1+1cpdxJx8yXbK/m57nRhKSmk1GB2tO4lbLBtlkfPQTDKfe4Xqv1ASWPpayPEig==
  dependencies:
    nanoid "^3.3.4"
    picocolors "^1.0.0"
    source-map-js "^1.0.2"

react-dom@^18.2.0:
  version "18.2.0"
  resolved "https://registry.yarnpkg.com/react-dom/-/react-dom-18.2.0.tgz#22aaf38708db2674ed9ada224ca4aa708d821e3d"
  integrity sha512-6IMTriUmvsjHUjNtEDudZfuDQUoWXVxKHhlEGSk81n4YFS+r/Kl99wXiwlVXtPBtJenozv2P+hxDsw9eA7Xo6g==
  dependencies:
    loose-envify "^1.1.0"
    scheduler "^0.23.0"

react@^18.2.0:
  version "18.2.0"
  resolved "https://registry.yarnpkg.com/react/-/react-18.2.0.tgz#555bd98592883255fa00de14f1151a917b5d77d5"
  integrity sha512-/3IjMdb2L9QbBdWiW5e3P2/npwMBaU9mHCSCUzNln0ZCYbcfTsGbTJrU/kGemdH2IWmB2ioZ+zkxtmq6g09fGQ==
  dependencies:
    loose-envify "^1.1.0"

scheduler@^0.23.0:
  version "0.23.0"
  resolved "https://registry.yarnpkg.com/scheduler/-/scheduler-0.23.0.tgz#ba8041afc3d30eb206a487b6b384002e4e61fdfe"
  integrity sha512-CtuThmgHNg7zIZWAXi3AsyIzA3n4xx7aNyjwC2VJldO2LMVDhFK+63xGqq6CsJH4rTAt6/M+N4GhZiDYPx9eUw==
  dependencies:
    loose-envify "^1.1.0"

source-map-js@^1.0.2:
  version "1.0.2"
  resolved "https://registry.yarnpkg.com/source-map-js/-/source-map-js-1.0.2.tgz#adbc361d9c62df380125e7f161f71c826f1e490c"
  integrity sha512-R0XvVJ9WusLiqTCEiGCmICCMplcCkIwwR11mOSD9CR5u+IXYdiseeEuXCVAjS54zqwkLcPNnmU4OeJ6tUrWhDw==

styled-jsx@5.1.0:
  version "5.1.0"
  resolved "https://registry.yarnpkg.com/styled-jsx/-/styled-jsx-5.1.0.tgz#4a5622ab9714bd3fcfaeec292aa555871f057563"
  integrity sha512-/iHaRJt9U7T+5tp6TRelLnqBqiaIT0HsO0+vgyj8hK2KUk7aejFqRrumqPUlAqDwAj8IbS/1hk3IhBAAK/FCUQ==
  dependencies:
    client-only "0.0.1"

tslib@^2.4.0:
  version "2.4.1"
  resolved "https://registry.yarnpkg.com/tslib/-/tslib-2.4.1.tgz#0d0bfbaac2880b91e22df0768e55be9753a5b17e"
  integrity sha512-tGyy4dAjRIEwI7BzsB0lynWgOpfqjUdq91XXAlIWD2OwKBH7oCl/GZG/HT4BOHrTlPMOASlMQ7veyTqpmRcrNA==

typescript@^4.7.4:
  version "4.9.4"
  resolved "https://registry.yarnpkg.com/typescript/-/typescript-4.9.4.tgz#a2a3d2756c079abda241d75f149df9d561091e78"
  integrity sha512-Uz+dTXYzxXXbsFpM86Wh3dKCxrQqUcVMxwU54orwlJjOpO3ao8L7j5lH+dWfTwgCwIuM9GQ2kvVotzYJMXTBZg==
